// !$*UTF8*$!
{
	archiveVersion = 1;
	classes = {
	};
	objectVersion = 50;
	objects = {

/* Begin PBXBuildFile section */
		A501EDFE257E487200EBAC05 /* AppDelegate.swift in Sources */ = {isa = PBXBuildFile; fileRef = A501EDFD257E487200EBAC05 /* AppDelegate.swift */; };
		A501EE00257E487200EBAC05 /* SceneDelegate.swift in Sources */ = {isa = PBXBuildFile; fileRef = A501EDFF257E487200EBAC05 /* SceneDelegate.swift */; };
		A501EE02257E487200EBAC05 /* RedditPostsVC.swift in Sources */ = {isa = PBXBuildFile; fileRef = A501EE01257E487200EBAC05 /* RedditPostsVC.swift */; };
		A501EE05257E487200EBAC05 /* Main.storyboard in Resources */ = {isa = PBXBuildFile; fileRef = A501EE03257E487200EBAC05 /* Main.storyboard */; };
		A501EE07257E487500EBAC05 /* Assets.xcassets in Resources */ = {isa = PBXBuildFile; fileRef = A501EE06257E487500EBAC05 /* Assets.xcassets */; };
		A501EE0A257E487500EBAC05 /* LaunchScreen.storyboard in Resources */ = {isa = PBXBuildFile; fileRef = A501EE08257E487500EBAC05 /* LaunchScreen.storyboard */; };
		A501EE21257E495700EBAC05 /* NetworkManager.swift in Sources */ = {isa = PBXBuildFile; fileRef = A501EE14257E495700EBAC05 /* NetworkManager.swift */; };
		A501EE22257E495700EBAC05 /* ParameterEncoding.swift in Sources */ = {isa = PBXBuildFile; fileRef = A501EE16257E495700EBAC05 /* ParameterEncoding.swift */; };
		A501EE23257E495700EBAC05 /* URLParameterEncoder.swift in Sources */ = {isa = PBXBuildFile; fileRef = A501EE17257E495700EBAC05 /* URLParameterEncoder.swift */; };
		A501EE24257E495700EBAC05 /* JSONParameterEncoder.swift in Sources */ = {isa = PBXBuildFile; fileRef = A501EE18257E495700EBAC05 /* JSONParameterEncoder.swift */; };
		A501EE25257E495700EBAC05 /* NetworkRouter.swift in Sources */ = {isa = PBXBuildFile; fileRef = A501EE1A257E495700EBAC05 /* NetworkRouter.swift */; };
		A501EE26257E495700EBAC05 /* HTTPTask.swift in Sources */ = {isa = PBXBuildFile; fileRef = A501EE1B257E495700EBAC05 /* HTTPTask.swift */; };
		A501EE27257E495700EBAC05 /* HTTPMethod.swift in Sources */ = {isa = PBXBuildFile; fileRef = A501EE1C257E495700EBAC05 /* HTTPMethod.swift */; };
		A501EE28257E495700EBAC05 /* EndPointType.swift in Sources */ = {isa = PBXBuildFile; fileRef = A501EE1D257E495700EBAC05 /* EndPointType.swift */; };
		A501EE29257E495700EBAC05 /* NetworkError.swift in Sources */ = {isa = PBXBuildFile; fileRef = A501EE1E257E495700EBAC05 /* NetworkError.swift */; };
		A501EE2A257E495700EBAC05 /* RedditApi.swift in Sources */ = {isa = PBXBuildFile; fileRef = A501EE20257E495700EBAC05 /* RedditApi.swift */; };
		A501EE31257F961400EBAC05 /* Post.swift in Sources */ = {isa = PBXBuildFile; fileRef = A501EE30257F961400EBAC05 /* Post.swift */; };
		A501EE38257FA75C00EBAC05 /* RedditPostsService.swift in Sources */ = {isa = PBXBuildFile; fileRef = A501EE37257FA75C00EBAC05 /* RedditPostsService.swift */; };
		A501EE3B257FA89D00EBAC05 /* FileManagerService.swift in Sources */ = {isa = PBXBuildFile; fileRef = A501EE3A257FA89D00EBAC05 /* FileManagerService.swift */; };
		A501EE8C257FEF5E00EBAC05 /* Model.xcdatamodeld in Sources */ = {isa = PBXBuildFile; fileRef = A501EE41257FEA8900EBAC05 /* Model.xcdatamodeld */; };
		A5429BB62581326B00787DAD /* ImagePreviewView.swift in Sources */ = {isa = PBXBuildFile; fileRef = A5429BB52581326B00787DAD /* ImagePreviewView.swift */; };
		A5429BB92581352100787DAD /* ImagePreviewVC.swift in Sources */ = {isa = PBXBuildFile; fileRef = A5429BB82581352100787DAD /* ImagePreviewVC.swift */; };
		A5429BDE2582233200787DAD /* TransitionAnimator.swift in Sources */ = {isa = PBXBuildFile; fileRef = A5429BDD2582233200787DAD /* TransitionAnimator.swift */; };
		A5C5E850257FF1290045BDC6 /* CoreDataService.swift in Sources */ = {isa = PBXBuildFile; fileRef = A5C5E84F257FF1290045BDC6 /* CoreDataService.swift */; };
		A5C5E85A2580D29B0045BDC6 /* RedditPostCell.swift in Sources */ = {isa = PBXBuildFile; fileRef = A5C5E8592580D29B0045BDC6 /* RedditPostCell.swift */; };
		A5C5E85D2580D7700045BDC6 /* Extensions.swift in Sources */ = {isa = PBXBuildFile; fileRef = A5C5E85C2580D7700045BDC6 /* Extensions.swift */; };
		A5C5E87F2580DDD80045BDC6 /* ThumbnailInfo+CoreDataClass.swift in Sources */ = {isa = PBXBuildFile; fileRef = A5C5E8792580DDD80045BDC6 /* ThumbnailInfo+CoreDataClass.swift */; };
		A5C5E8802580DDD80045BDC6 /* ThumbnailInfo+CoreDataProperties.swift in Sources */ = {isa = PBXBuildFile; fileRef = A5C5E87A2580DDD80045BDC6 /* ThumbnailInfo+CoreDataProperties.swift */; };
		A5C5E8812580DDD80045BDC6 /* RedditPost+CoreDataClass.swift in Sources */ = {isa = PBXBuildFile; fileRef = A5C5E87B2580DDD80045BDC6 /* RedditPost+CoreDataClass.swift */; };
		A5C5E8822580DDD80045BDC6 /* RedditPost+CoreDataProperties.swift in Sources */ = {isa = PBXBuildFile; fileRef = A5C5E87C2580DDD80045BDC6 /* RedditPost+CoreDataProperties.swift */; };
		A5C5E8832580DDD80045BDC6 /* Multimedia+CoreDataClass.swift in Sources */ = {isa = PBXBuildFile; fileRef = A5C5E87D2580DDD80045BDC6 /* Multimedia+CoreDataClass.swift */; };
		A5C5E8842580DDD80045BDC6 /* Multimedia+CoreDataProperties.swift in Sources */ = {isa = PBXBuildFile; fileRef = A5C5E87E2580DDD80045BDC6 /* Multimedia+CoreDataProperties.swift */; };
/* End PBXBuildFile section */

/* Begin PBXFileReference section */
		A501EDFA257E487200EBAC05 /* RedditTops.app */ = {isa = PBXFileReference; explicitFileType = wrapper.application; includeInIndex = 0; path = RedditTops.app; sourceTree = BUILT_PRODUCTS_DIR; };
		A501EDFD257E487200EBAC05 /* AppDelegate.swift */ = {isa = PBXFileReference; lastKnownFileType = sourcecode.swift; path = AppDelegate.swift; sourceTree = "<group>"; };
		A501EDFF257E487200EBAC05 /* SceneDelegate.swift */ = {isa = PBXFileReference; lastKnownFileType = sourcecode.swift; path = SceneDelegate.swift; sourceTree = "<group>"; };
		A501EE01257E487200EBAC05 /* RedditPostsVC.swift */ = {isa = PBXFileReference; lastKnownFileType = sourcecode.swift; path = RedditPostsVC.swift; sourceTree = "<group>"; };
		A501EE04257E487200EBAC05 /* Base */ = {isa = PBXFileReference; lastKnownFileType = file.storyboard; name = Base; path = Base.lproj/Main.storyboard; sourceTree = "<group>"; };
		A501EE06257E487500EBAC05 /* Assets.xcassets */ = {isa = PBXFileReference; lastKnownFileType = folder.assetcatalog; path = Assets.xcassets; sourceTree = "<group>"; };
		A501EE09257E487500EBAC05 /* Base */ = {isa = PBXFileReference; lastKnownFileType = file.storyboard; name = Base; path = Base.lproj/LaunchScreen.storyboard; sourceTree = "<group>"; };
		A501EE0B257E487500EBAC05 /* Info.plist */ = {isa = PBXFileReference; lastKnownFileType = text.plist.xml; path = Info.plist; sourceTree = "<group>"; };
		A501EE14257E495700EBAC05 /* NetworkManager.swift */ = {isa = PBXFileReference; fileEncoding = 4; lastKnownFileType = sourcecode.swift; path = NetworkManager.swift; sourceTree = "<group>"; };
		A501EE16257E495700EBAC05 /* ParameterEncoding.swift */ = {isa = PBXFileReference; fileEncoding = 4; lastKnownFileType = sourcecode.swift; path = ParameterEncoding.swift; sourceTree = "<group>"; };
		A501EE17257E495700EBAC05 /* URLParameterEncoder.swift */ = {isa = PBXFileReference; fileEncoding = 4; lastKnownFileType = sourcecode.swift; path = URLParameterEncoder.swift; sourceTree = "<group>"; };
		A501EE18257E495700EBAC05 /* JSONParameterEncoder.swift */ = {isa = PBXFileReference; fileEncoding = 4; lastKnownFileType = sourcecode.swift; path = JSONParameterEncoder.swift; sourceTree = "<group>"; };
		A501EE1A257E495700EBAC05 /* NetworkRouter.swift */ = {isa = PBXFileReference; fileEncoding = 4; lastKnownFileType = sourcecode.swift; path = NetworkRouter.swift; sourceTree = "<group>"; };
		A501EE1B257E495700EBAC05 /* HTTPTask.swift */ = {isa = PBXFileReference; fileEncoding = 4; lastKnownFileType = sourcecode.swift; path = HTTPTask.swift; sourceTree = "<group>"; };
		A501EE1C257E495700EBAC05 /* HTTPMethod.swift */ = {isa = PBXFileReference; fileEncoding = 4; lastKnownFileType = sourcecode.swift; path = HTTPMethod.swift; sourceTree = "<group>"; };
		A501EE1D257E495700EBAC05 /* EndPointType.swift */ = {isa = PBXFileReference; fileEncoding = 4; lastKnownFileType = sourcecode.swift; path = EndPointType.swift; sourceTree = "<group>"; };
		A501EE1E257E495700EBAC05 /* NetworkError.swift */ = {isa = PBXFileReference; fileEncoding = 4; lastKnownFileType = sourcecode.swift; path = NetworkError.swift; sourceTree = "<group>"; };
		A501EE20257E495700EBAC05 /* RedditApi.swift */ = {isa = PBXFileReference; fileEncoding = 4; lastKnownFileType = sourcecode.swift; path = RedditApi.swift; sourceTree = "<group>"; };
		A501EE30257F961400EBAC05 /* Post.swift */ = {isa = PBXFileReference; lastKnownFileType = sourcecode.swift; path = Post.swift; sourceTree = "<group>"; };
		A501EE37257FA75C00EBAC05 /* RedditPostsService.swift */ = {isa = PBXFileReference; lastKnownFileType = sourcecode.swift; path = RedditPostsService.swift; sourceTree = "<group>"; };
		A501EE3A257FA89D00EBAC05 /* FileManagerService.swift */ = {isa = PBXFileReference; lastKnownFileType = sourcecode.swift; path = FileManagerService.swift; sourceTree = "<group>"; };
		A501EE42257FEA8900EBAC05 /* Model.xcdatamodel */ = {isa = PBXFileReference; lastKnownFileType = wrapper.xcdatamodel; path = Model.xcdatamodel; sourceTree = "<group>"; };
		A5429BB52581326B00787DAD /* ImagePreviewView.swift */ = {isa = PBXFileReference; lastKnownFileType = sourcecode.swift; path = ImagePreviewView.swift; sourceTree = "<group>"; };
		A5429BB82581352100787DAD /* ImagePreviewVC.swift */ = {isa = PBXFileReference; lastKnownFileType = sourcecode.swift; path = ImagePreviewVC.swift; sourceTree = "<group>"; };
		A5429BDD2582233200787DAD /* TransitionAnimator.swift */ = {isa = PBXFileReference; lastKnownFileType = sourcecode.swift; path = TransitionAnimator.swift; sourceTree = "<group>"; };
		A5C5E84F257FF1290045BDC6 /* CoreDataService.swift */ = {isa = PBXFileReference; lastKnownFileType = sourcecode.swift; path = CoreDataService.swift; sourceTree = "<group>"; };
		A5C5E8592580D29B0045BDC6 /* RedditPostCell.swift */ = {isa = PBXFileReference; lastKnownFileType = sourcecode.swift; path = RedditPostCell.swift; sourceTree = "<group>"; };
		A5C5E85C2580D7700045BDC6 /* Extensions.swift */ = {isa = PBXFileReference; lastKnownFileType = sourcecode.swift; path = Extensions.swift; sourceTree = "<group>"; };
		A5C5E8792580DDD80045BDC6 /* ThumbnailInfo+CoreDataClass.swift */ = {isa = PBXFileReference; lastKnownFileType = sourcecode.swift; path = "ThumbnailInfo+CoreDataClass.swift"; sourceTree = "<group>"; };
		A5C5E87A2580DDD80045BDC6 /* ThumbnailInfo+CoreDataProperties.swift */ = {isa = PBXFileReference; lastKnownFileType = sourcecode.swift; path = "ThumbnailInfo+CoreDataProperties.swift"; sourceTree = "<group>"; };
		A5C5E87B2580DDD80045BDC6 /* RedditPost+CoreDataClass.swift */ = {isa = PBXFileReference; lastKnownFileType = sourcecode.swift; path = "RedditPost+CoreDataClass.swift"; sourceTree = "<group>"; };
		A5C5E87C2580DDD80045BDC6 /* RedditPost+CoreDataProperties.swift */ = {isa = PBXFileReference; lastKnownFileType = sourcecode.swift; path = "RedditPost+CoreDataProperties.swift"; sourceTree = "<group>"; };
		A5C5E87D2580DDD80045BDC6 /* Multimedia+CoreDataClass.swift */ = {isa = PBXFileReference; lastKnownFileType = sourcecode.swift; path = "Multimedia+CoreDataClass.swift"; sourceTree = "<group>"; };
		A5C5E87E2580DDD80045BDC6 /* Multimedia+CoreDataProperties.swift */ = {isa = PBXFileReference; lastKnownFileType = sourcecode.swift; path = "Multimedia+CoreDataProperties.swift"; sourceTree = "<group>"; };
/* End PBXFileReference section */

/* Begin PBXFrameworksBuildPhase section */
		A501EDF7257E487200EBAC05 /* Frameworks */ = {
			isa = PBXFrameworksBuildPhase;
			buildActionMask = 2147483647;
			files = (
			);
			runOnlyForDeploymentPostprocessing = 0;
		};
/* End PBXFrameworksBuildPhase section */

/* Begin PBXGroup section */
		A501EDF1257E487200EBAC05 = {
			isa = PBXGroup;
			children = (
				A501EDFC257E487200EBAC05 /* RedditTops */,
				A501EDFB257E487200EBAC05 /* Products */,
			);
			sourceTree = "<group>";
		};
		A501EDFB257E487200EBAC05 /* Products */ = {
			isa = PBXGroup;
			children = (
				A501EDFA257E487200EBAC05 /* RedditTops.app */,
			);
			name = Products;
			sourceTree = "<group>";
		};
		A501EDFC257E487200EBAC05 /* RedditTops */ = {
			isa = PBXGroup;
			children = (
				A501EE2C257F95E500EBAC05 /* SupportingFiles */,
				A501EE13257E495700EBAC05 /* Networking */,
				A501EE36257FA74F00EBAC05 /* Service */,
				A501EE2F257F95FF00EBAC05 /* DataModels */,
				A501EE40257FEA6E00EBAC05 /* CoreData */,
				A501EE03257E487200EBAC05 /* Main.storyboard */,
				A5429BE12582339500787DAD /* ViewControllers */,
				A5429BB52581326B00787DAD /* ImagePreviewView.swift */,
				A5429BDD2582233200787DAD /* TransitionAnimator.swift */,
				A5C5E85C2580D7700045BDC6 /* Extensions.swift */,
			);
			path = RedditTops;
			sourceTree = "<group>";
		};
		A501EE13257E495700EBAC05 /* Networking */ = {
			isa = PBXGroup;
			children = (
				A501EE14257E495700EBAC05 /* NetworkManager.swift */,
				A501EE15257E495700EBAC05 /* Encoding */,
				A501EE19257E495700EBAC05 /* Service */,
				A501EE1F257E495700EBAC05 /* EndPiont */,
			);
			path = Networking;
			sourceTree = "<group>";
		};
		A501EE15257E495700EBAC05 /* Encoding */ = {
			isa = PBXGroup;
			children = (
				A501EE16257E495700EBAC05 /* ParameterEncoding.swift */,
				A501EE17257E495700EBAC05 /* URLParameterEncoder.swift */,
				A501EE18257E495700EBAC05 /* JSONParameterEncoder.swift */,
			);
			path = Encoding;
			sourceTree = "<group>";
		};
		A501EE19257E495700EBAC05 /* Service */ = {
			isa = PBXGroup;
			children = (
				A501EE1A257E495700EBAC05 /* NetworkRouter.swift */,
				A501EE1B257E495700EBAC05 /* HTTPTask.swift */,
				A501EE1C257E495700EBAC05 /* HTTPMethod.swift */,
				A501EE1D257E495700EBAC05 /* EndPointType.swift */,
				A501EE1E257E495700EBAC05 /* NetworkError.swift */,
			);
			path = Service;
			sourceTree = "<group>";
		};
		A501EE1F257E495700EBAC05 /* EndPiont */ = {
			isa = PBXGroup;
			children = (
				A501EE20257E495700EBAC05 /* RedditApi.swift */,
			);
			path = EndPiont;
			sourceTree = "<group>";
		};
		A501EE2C257F95E500EBAC05 /* SupportingFiles */ = {
			isa = PBXGroup;
			children = (
				A501EDFF257E487200EBAC05 /* SceneDelegate.swift */,
				A501EDFD257E487200EBAC05 /* AppDelegate.swift */,
				A501EE06257E487500EBAC05 /* Assets.xcassets */,
				A501EE08257E487500EBAC05 /* LaunchScreen.storyboard */,
				A501EE0B257E487500EBAC05 /* Info.plist */,
			);
			path = SupportingFiles;
			sourceTree = "<group>";
		};
		A501EE2F257F95FF00EBAC05 /* DataModels */ = {
			isa = PBXGroup;
			children = (
				A501EE30257F961400EBAC05 /* Post.swift */,
			);
			path = DataModels;
			sourceTree = "<group>";
		};
		A501EE36257FA74F00EBAC05 /* Service */ = {
			isa = PBXGroup;
			children = (
				A501EE37257FA75C00EBAC05 /* RedditPostsService.swift */,
				A501EE3A257FA89D00EBAC05 /* FileManagerService.swift */,
				A5C5E84F257FF1290045BDC6 /* CoreDataService.swift */,
			);
			path = Service;
			sourceTree = "<group>";
		};
		A501EE40257FEA6E00EBAC05 /* CoreData */ = {
			isa = PBXGroup;
			children = (
				A5C5E8862580DE000045BDC6 /* ThumbnailInfo */,
				A5C5E8882580DE070045BDC6 /* RedditPost */,
				A5C5E88A2580DE0F0045BDC6 /* Multimedia */,
				A501EE41257FEA8900EBAC05 /* Model.xcdatamodeld */,
			);
			path = CoreData;
			sourceTree = "<group>";
		};
		A5429BE12582339500787DAD /* ViewControllers */ = {
			isa = PBXGroup;
			children = (
				A5429BE3258233C800787DAD /* RedditPosts */,
				A5429BB82581352100787DAD /* ImagePreviewVC.swift */,
			);
			path = ViewControllers;
			sourceTree = "<group>";
		};
		A5429BE3258233C800787DAD /* RedditPosts */ = {
			isa = PBXGroup;
			children = (
				A501EE01257E487200EBAC05 /* RedditPostsVC.swift */,
				A5C5E8592580D29B0045BDC6 /* RedditPostCell.swift */,
			);
			path = RedditPosts;
			sourceTree = "<group>";
		};
		A5C5E8862580DE000045BDC6 /* ThumbnailInfo */ = {
			isa = PBXGroup;
			children = (
				A5C5E8792580DDD80045BDC6 /* ThumbnailInfo+CoreDataClass.swift */,
				A5C5E87A2580DDD80045BDC6 /* ThumbnailInfo+CoreDataProperties.swift */,
			);
			path = ThumbnailInfo;
			sourceTree = "<group>";
		};
		A5C5E8882580DE070045BDC6 /* RedditPost */ = {
			isa = PBXGroup;
			children = (
				A5C5E87B2580DDD80045BDC6 /* RedditPost+CoreDataClass.swift */,
				A5C5E87C2580DDD80045BDC6 /* RedditPost+CoreDataProperties.swift */,
			);
			path = RedditPost;
			sourceTree = "<group>";
		};
		A5C5E88A2580DE0F0045BDC6 /* Multimedia */ = {
			isa = PBXGroup;
			children = (
				A5C5E87D2580DDD80045BDC6 /* Multimedia+CoreDataClass.swift */,
				A5C5E87E2580DDD80045BDC6 /* Multimedia+CoreDataProperties.swift */,
			);
			path = Multimedia;
			sourceTree = "<group>";
		};
/* End PBXGroup section */

/* Begin PBXNativeTarget section */
		A501EDF9257E487200EBAC05 /* RedditTops */ = {
			isa = PBXNativeTarget;
			buildConfigurationList = A501EE0E257E487500EBAC05 /* Build configuration list for PBXNativeTarget "RedditTops" */;
			buildPhases = (
				A501EDF6257E487200EBAC05 /* Sources */,
				A501EDF7257E487200EBAC05 /* Frameworks */,
				A501EDF8257E487200EBAC05 /* Resources */,
			);
			buildRules = (
			);
			dependencies = (
			);
			name = RedditTops;
			productName = RedditTops;
			productReference = A501EDFA257E487200EBAC05 /* RedditTops.app */;
			productType = "com.apple.product-type.application";
		};
/* End PBXNativeTarget section */

/* Begin PBXProject section */
		A501EDF2257E487200EBAC05 /* Project object */ = {
			isa = PBXProject;
			attributes = {
				LastSwiftUpdateCheck = 1220;
				LastUpgradeCheck = 1220;
				TargetAttributes = {
					A501EDF9257E487200EBAC05 = {
						CreatedOnToolsVersion = 12.2;
					};
				};
			};
			buildConfigurationList = A501EDF5257E487200EBAC05 /* Build configuration list for PBXProject "RedditTops" */;
			compatibilityVersion = "Xcode 9.3";
			developmentRegion = en;
			hasScannedForEncodings = 0;
			knownRegions = (
				en,
				Base,
			);
			mainGroup = A501EDF1257E487200EBAC05;
			productRefGroup = A501EDFB257E487200EBAC05 /* Products */;
			projectDirPath = "";
			projectRoot = "";
			targets = (
				A501EDF9257E487200EBAC05 /* RedditTops */,
			);
		};
/* End PBXProject section */

/* Begin PBXResourcesBuildPhase section */
		A501EDF8257E487200EBAC05 /* Resources */ = {
			isa = PBXResourcesBuildPhase;
			buildActionMask = 2147483647;
			files = (
				A501EE0A257E487500EBAC05 /* LaunchScreen.storyboard in Resources */,
				A501EE07257E487500EBAC05 /* Assets.xcassets in Resources */,
				A501EE05257E487200EBAC05 /* Main.storyboard in Resources */,
			);
			runOnlyForDeploymentPostprocessing = 0;
		};
/* End PBXResourcesBuildPhase section */

/* Begin PBXSourcesBuildPhase section */
		A501EDF6257E487200EBAC05 /* Sources */ = {
			isa = PBXSourcesBuildPhase;
			buildActionMask = 2147483647;
			files = (
				A501EE8C257FEF5E00EBAC05 /* Model.xcdatamodeld in Sources */,
				A501EE21257E495700EBAC05 /* NetworkManager.swift in Sources */,
				A5429BB92581352100787DAD /* ImagePreviewVC.swift in Sources */,
				A5C5E87F2580DDD80045BDC6 /* ThumbnailInfo+CoreDataClass.swift in Sources */,
				A5429BDE2582233200787DAD /* TransitionAnimator.swift in Sources */,
				A501EE2A257E495700EBAC05 /* RedditApi.swift in Sources */,
				A501EE38257FA75C00EBAC05 /* RedditPostsService.swift in Sources */,
				A501EE25257E495700EBAC05 /* NetworkRouter.swift in Sources */,
				A501EE02257E487200EBAC05 /* RedditPostsVC.swift in Sources */,
				A5C5E8812580DDD80045BDC6 /* RedditPost+CoreDataClass.swift in Sources */,
				A501EE26257E495700EBAC05 /* HTTPTask.swift in Sources */,
				A501EE31257F961400EBAC05 /* Post.swift in Sources */,
				A5429BB62581326B00787DAD /* ImagePreviewView.swift in Sources */,
				A5C5E850257FF1290045BDC6 /* CoreDataService.swift in Sources */,
				A5C5E8822580DDD80045BDC6 /* RedditPost+CoreDataProperties.swift in Sources */,
				A501EE23257E495700EBAC05 /* URLParameterEncoder.swift in Sources */,
				A501EE28257E495700EBAC05 /* EndPointType.swift in Sources */,
				A501EE22257E495700EBAC05 /* ParameterEncoding.swift in Sources */,
				A501EDFE257E487200EBAC05 /* AppDelegate.swift in Sources */,
				A5C5E8832580DDD80045BDC6 /* Multimedia+CoreDataClass.swift in Sources */,
				A501EE24257E495700EBAC05 /* JSONParameterEncoder.swift in Sources */,
				A501EE29257E495700EBAC05 /* NetworkError.swift in Sources */,
				A5C5E85A2580D29B0045BDC6 /* RedditPostCell.swift in Sources */,
				A5C5E85D2580D7700045BDC6 /* Extensions.swift in Sources */,
				A5C5E8802580DDD80045BDC6 /* ThumbnailInfo+CoreDataProperties.swift in Sources */,
				A501EE27257E495700EBAC05 /* HTTPMethod.swift in Sources */,
				A501EE00257E487200EBAC05 /* SceneDelegate.swift in Sources */,
				A5C5E8842580DDD80045BDC6 /* Multimedia+CoreDataProperties.swift in Sources */,
				A501EE3B257FA89D00EBAC05 /* FileManagerService.swift in Sources */,
			);
			runOnlyForDeploymentPostprocessing = 0;
		};
/* End PBXSourcesBuildPhase section */

/* Begin PBXVariantGroup section */
		A501EE03257E487200EBAC05 /* Main.storyboard */ = {
			isa = PBXVariantGroup;
			children = (
				A501EE04257E487200EBAC05 /* Base */,
			);
			name = Main.storyboard;
			sourceTree = "<group>";
		};
		A501EE08257E487500EBAC05 /* LaunchScreen.storyboard */ = {
			isa = PBXVariantGroup;
			children = (
				A501EE09257E487500EBAC05 /* Base */,
			);
			name = LaunchScreen.storyboard;
			sourceTree = "<group>";
		};
/* End PBXVariantGroup section */

/* Begin XCBuildConfiguration section */
		A501EE0C257E487500EBAC05 /* Debug */ = {
			isa = XCBuildConfiguration;
			buildSettings = {
				ALWAYS_SEARCH_USER_PATHS = NO;
				CLANG_ANALYZER_NONNULL = YES;
				CLANG_ANALYZER_NUMBER_OBJECT_CONVERSION = YES_AGGRESSIVE;
				CLANG_CXX_LANGUAGE_STANDARD = "gnu++14";
				CLANG_CXX_LIBRARY = "libc++";
				CLANG_ENABLE_MODULES = YES;
				CLANG_ENABLE_OBJC_ARC = YES;
				CLANG_ENABLE_OBJC_WEAK = YES;
				CLANG_WARN_BLOCK_CAPTURE_AUTORELEASING = YES;
				CLANG_WARN_BOOL_CONVERSION = YES;
				CLANG_WARN_COMMA = YES;
				CLANG_WARN_CONSTANT_CONVERSION = YES;
				CLANG_WARN_DEPRECATED_OBJC_IMPLEMENTATIONS = YES;
				CLANG_WARN_DIRECT_OBJC_ISA_USAGE = YES_ERROR;
				CLANG_WARN_DOCUMENTATION_COMMENTS = YES;
				CLANG_WARN_EMPTY_BODY = YES;
				CLANG_WARN_ENUM_CONVERSION = YES;
				CLANG_WARN_INFINITE_RECURSION = YES;
				CLANG_WARN_INT_CONVERSION = YES;
				CLANG_WARN_NON_LITERAL_NULL_CONVERSION = YES;
				CLANG_WARN_OBJC_IMPLICIT_RETAIN_SELF = YES;
				CLANG_WARN_OBJC_LITERAL_CONVERSION = YES;
				CLANG_WARN_OBJC_ROOT_CLASS = YES_ERROR;
				CLANG_WARN_QUOTED_INCLUDE_IN_FRAMEWORK_HEADER = YES;
				CLANG_WARN_RANGE_LOOP_ANALYSIS = YES;
				CLANG_WARN_STRICT_PROTOTYPES = YES;
				CLANG_WARN_SUSPICIOUS_MOVE = YES;
				CLANG_WARN_UNGUARDED_AVAILABILITY = YES_AGGRESSIVE;
				CLANG_WARN_UNREACHABLE_CODE = YES;
				CLANG_WARN__DUPLICATE_METHOD_MATCH = YES;
				COPY_PHASE_STRIP = NO;
				DEBUG_INFORMATION_FORMAT = dwarf;
				ENABLE_STRICT_OBJC_MSGSEND = YES;
				ENABLE_TESTABILITY = YES;
				GCC_C_LANGUAGE_STANDARD = gnu11;
				GCC_DYNAMIC_NO_PIC = NO;
				GCC_NO_COMMON_BLOCKS = YES;
				GCC_OPTIMIZATION_LEVEL = 0;
				GCC_PREPROCESSOR_DEFINITIONS = (
					"DEBUG=1",
					"$(inherited)",
				);
				GCC_WARN_64_TO_32_BIT_CONVERSION = YES;
				GCC_WARN_ABOUT_RETURN_TYPE = YES_ERROR;
				GCC_WARN_UNDECLARED_SELECTOR = YES;
				GCC_WARN_UNINITIALIZED_AUTOS = YES_AGGRESSIVE;
				GCC_WARN_UNUSED_FUNCTION = YES;
				GCC_WARN_UNUSED_VARIABLE = YES;
				IPHONEOS_DEPLOYMENT_TARGET = 14.2;
				MTL_ENABLE_DEBUG_INFO = INCLUDE_SOURCE;
				MTL_FAST_MATH = YES;
				ONLY_ACTIVE_ARCH = YES;
				SDKROOT = iphoneos;
				SWIFT_ACTIVE_COMPILATION_CONDITIONS = DEBUG;
				SWIFT_OPTIMIZATION_LEVEL = "-Onone";
			};
			name = Debug;
		};
		A501EE0D257E487500EBAC05 /* Release */ = {
			isa = XCBuildConfiguration;
			buildSettings = {
				ALWAYS_SEARCH_USER_PATHS = NO;
				CLANG_ANALYZER_NONNULL = YES;
				CLANG_ANALYZER_NUMBER_OBJECT_CONVERSION = YES_AGGRESSIVE;
				CLANG_CXX_LANGUAGE_STANDARD = "gnu++14";
				CLANG_CXX_LIBRARY = "libc++";
				CLANG_ENABLE_MODULES = YES;
				CLANG_ENABLE_OBJC_ARC = YES;
				CLANG_ENABLE_OBJC_WEAK = YES;
				CLANG_WARN_BLOCK_CAPTURE_AUTORELEASING = YES;
				CLANG_WARN_BOOL_CONVERSION = YES;
				CLANG_WARN_COMMA = YES;
				CLANG_WARN_CONSTANT_CONVERSION = YES;
				CLANG_WARN_DEPRECATED_OBJC_IMPLEMENTATIONS = YES;
				CLANG_WARN_DIRECT_OBJC_ISA_USAGE = YES_ERROR;
				CLANG_WARN_DOCUMENTATION_COMMENTS = YES;
				CLANG_WARN_EMPTY_BODY = YES;
				CLANG_WARN_ENUM_CONVERSION = YES;
				CLANG_WARN_INFINITE_RECURSION = YES;
				CLANG_WARN_INT_CONVERSION = YES;
				CLANG_WARN_NON_LITERAL_NULL_CONVERSION = YES;
				CLANG_WARN_OBJC_IMPLICIT_RETAIN_SELF = YES;
				CLANG_WARN_OBJC_LITERAL_CONVERSION = YES;
				CLANG_WARN_OBJC_ROOT_CLASS = YES_ERROR;
				CLANG_WARN_QUOTED_INCLUDE_IN_FRAMEWORK_HEADER = YES;
				CLANG_WARN_RANGE_LOOP_ANALYSIS = YES;
				CLANG_WARN_STRICT_PROTOTYPES = YES;
				CLANG_WARN_SUSPICIOUS_MOVE = YES;
				CLANG_WARN_UNGUARDED_AVAILABILITY = YES_AGGRESSIVE;
				CLANG_WARN_UNREACHABLE_CODE = YES;
				CLANG_WARN__DUPLICATE_METHOD_MATCH = YES;
				COPY_PHASE_STRIP = NO;
				DEBUG_INFORMATION_FORMAT = "dwarf-with-dsym";
				ENABLE_NS_ASSERTIONS = NO;
				ENABLE_STRICT_OBJC_MSGSEND = YES;
				GCC_C_LANGUAGE_STANDARD = gnu11;
				GCC_NO_COMMON_BLOCKS = YES;
				GCC_WARN_64_TO_32_BIT_CONVERSION = YES;
				GCC_WARN_ABOUT_RETURN_TYPE = YES_ERROR;
				GCC_WARN_UNDECLARED_SELECTOR = YES;
				GCC_WARN_UNINITIALIZED_AUTOS = YES_AGGRESSIVE;
				GCC_WARN_UNUSED_FUNCTION = YES;
				GCC_WARN_UNUSED_VARIABLE = YES;
				IPHONEOS_DEPLOYMENT_TARGET = 14.2;
				MTL_ENABLE_DEBUG_INFO = NO;
				MTL_FAST_MATH = YES;
				SDKROOT = iphoneos;
				SWIFT_COMPILATION_MODE = wholemodule;
				SWIFT_OPTIMIZATION_LEVEL = "-O";
				VALIDATE_PRODUCT = YES;
			};
			name = Release;
		};
		A501EE0F257E487500EBAC05 /* Debug */ = {
			isa = XCBuildConfiguration;
			buildSettings = {
				ASSETCATALOG_COMPILER_APPICON_NAME = AppIcon;
				ASSETCATALOG_COMPILER_GLOBAL_ACCENT_COLOR_NAME = AccentColor;
				CODE_SIGN_STYLE = Automatic;
				DEVELOPMENT_TEAM = 3WNXY5U7WB;
				INFOPLIST_FILE = RedditTops/SupportingFiles/Info.plist;
				LD_RUNPATH_SEARCH_PATHS = (
					"$(inherited)",
					"@executable_path/Frameworks",
				);
				PRODUCT_BUNDLE_IDENTIFIER = com.shepilov.serhii.RedditTops;
				PRODUCT_NAME = "$(TARGET_NAME)";
				SWIFT_VERSION = 5.0;
				TARGETED_DEVICE_FAMILY = "1,2";
			};
			name = Debug;
		};
		A501EE10257E487500EBAC05 /* Release */ = {
			isa = XCBuildConfiguration;
			buildSettings = {
				ASSETCATALOG_COMPILER_APPICON_NAME = AppIcon;
				ASSETCATALOG_COMPILER_GLOBAL_ACCENT_COLOR_NAME = AccentColor;
				CODE_SIGN_STYLE = Automatic;
				DEVELOPMENT_TEAM = 3WNXY5U7WB;
				INFOPLIST_FILE = RedditTops/SupportingFiles/Info.plist;
				LD_RUNPATH_SEARCH_PATHS = (
					"$(inherited)",
					"@executable_path/Frameworks",
				);
				PRODUCT_BUNDLE_IDENTIFIER = com.shepilov.serhii.RedditTops;
				PRODUCT_NAME = "$(TARGET_NAME)";
				SWIFT_VERSION = 5.0;
				TARGETED_DEVICE_FAMILY = "1,2";
			};
			name = Release;
		};
/* End XCBuildConfiguration section */

/* Begin XCConfigurationList section */
		A501EDF5257E487200EBAC05 /* Build configuration list for PBXProject "RedditTops" */ = {
			isa = XCConfigurationList;
			buildConfigurations = (
				A501EE0C257E487500EBAC05 /* Debug */,
				A501EE0D257E487500EBAC05 /* Release */,
			);
			defaultConfigurationIsVisible = 0;
			defaultConfigurationName = Release;
		};
		A501EE0E257E487500EBAC05 /* Build configuration list for PBXNativeTarget "RedditTops" */ = {
			isa = XCConfigurationList;
			buildConfigurations = (
				A501EE0F257E487500EBAC05 /* Debug */,
				A501EE10257E487500EBAC05 /* Release */,
			);
			defaultConfigurationIsVisible = 0;
			defaultConfigurationName = Release;
		};
/* End XCConfigurationList section */

/* Begin XCVersionGroup section */
		A501EE41257FEA8900EBAC05 /* Model.xcdatamodeld */ = {
			isa = XCVersionGroup;
			children = (
				A501EE42257FEA8900EBAC05 /* Model.xcdatamodel */,
			);
			currentVersion = A501EE42257FEA8900EBAC05 /* Model.xcdatamodel */;
			path = Model.xcdatamodeld;
			sourceTree = "<group>";
			versionGroupType = wrapper.xcdatamodel;
		};
/* End XCVersionGroup section */
	};
	rootObject = A501EDF2257E487200EBAC05 /* Project object */;
}
